// !$*UTF8*$!
{
	archiveVersion = 1;
	classes = {
	};
	objectVersion = 50;
	objects = {

/* Begin PBXBuildFile section */
		122D829E2487061800CA359C /* AppDelegate.swift in Sources */ = {isa = PBXBuildFile; fileRef = 122D829D2487061800CA359C /* AppDelegate.swift */; };
		122D82A02487061800CA359C /* SceneDelegate.swift in Sources */ = {isa = PBXBuildFile; fileRef = 122D829F2487061800CA359C /* SceneDelegate.swift */; };
		122D82A22487061800CA359C /* ViewController.swift in Sources */ = {isa = PBXBuildFile; fileRef = 122D82A12487061800CA359C /* ViewController.swift */; };
		122D82A52487061800CA359C /* Main.storyboard in Resources */ = {isa = PBXBuildFile; fileRef = 122D82A32487061800CA359C /* Main.storyboard */; };
		122D82A72487061900CA359C /* Assets.xcassets in Resources */ = {isa = PBXBuildFile; fileRef = 122D82A62487061900CA359C /* Assets.xcassets */; };
		122D82AA2487061900CA359C /* LaunchScreen.storyboard in Resources */ = {isa = PBXBuildFile; fileRef = 122D82A82487061900CA359C /* LaunchScreen.storyboard */; };
		A6F4ABE100A7D4E64D972436 /* Pods_AppToPhone.framework in Frameworks */ = {isa = PBXBuildFile; fileRef = 4DCA78BB31C317FC66CF0594 /* Pods_AppToPhone.framework */; };
/* End PBXBuildFile section */

/* Begin PBXFileReference section */
		122D829A2487061800CA359C /* AppToPhone.app */ = {isa = PBXFileReference; explicitFileType = wrapper.application; includeInIndex = 0; path = AppToPhone.app; sourceTree = BUILT_PRODUCTS_DIR; };
		122D829D2487061800CA359C /* AppDelegate.swift */ = {isa = PBXFileReference; lastKnownFileType = sourcecode.swift; path = AppDelegate.swift; sourceTree = "<group>"; };
		122D829F2487061800CA359C /* SceneDelegate.swift */ = {isa = PBXFileReference; lastKnownFileType = sourcecode.swift; path = SceneDelegate.swift; sourceTree = "<group>"; };
		122D82A12487061800CA359C /* ViewController.swift */ = {isa = PBXFileReference; lastKnownFileType = sourcecode.swift; path = ViewController.swift; sourceTree = "<group>"; };
		122D82A42487061800CA359C /* Base */ = {isa = PBXFileReference; lastKnownFileType = file.storyboard; name = Base; path = Base.lproj/Main.storyboard; sourceTree = "<group>"; };
		122D82A62487061900CA359C /* Assets.xcassets */ = {isa = PBXFileReference; lastKnownFileType = folder.assetcatalog; path = Assets.xcassets; sourceTree = "<group>"; };
		122D82A92487061900CA359C /* Base */ = {isa = PBXFileReference; lastKnownFileType = file.storyboard; name = Base; path = Base.lproj/LaunchScreen.storyboard; sourceTree = "<group>"; };
		122D82AB2487061900CA359C /* Info.plist */ = {isa = PBXFileReference; lastKnownFileType = text.plist.xml; path = Info.plist; sourceTree = "<group>"; };
		4DCA78BB31C317FC66CF0594 /* Pods_AppToPhone.framework */ = {isa = PBXFileReference; explicitFileType = wrapper.framework; includeInIndex = 0; path = Pods_AppToPhone.framework; sourceTree = BUILT_PRODUCTS_DIR; };
		5925D652925CE58C0DE763B3 /* Pods-AppToPhone.release.xcconfig */ = {isa = PBXFileReference; includeInIndex = 1; lastKnownFileType = text.xcconfig; name = "Pods-AppToPhone.release.xcconfig"; path = "Target Support Files/Pods-AppToPhone/Pods-AppToPhone.release.xcconfig"; sourceTree = "<group>"; };
		C02A1417BB955DA3823144F2 /* Pods-AppToPhone.debug.xcconfig */ = {isa = PBXFileReference; includeInIndex = 1; lastKnownFileType = text.xcconfig; name = "Pods-AppToPhone.debug.xcconfig"; path = "Target Support Files/Pods-AppToPhone/Pods-AppToPhone.debug.xcconfig"; sourceTree = "<group>"; };
/* End PBXFileReference section */

/* Begin PBXFrameworksBuildPhase section */
		122D82972487061800CA359C /* Frameworks */ = {
			isa = PBXFrameworksBuildPhase;
			buildActionMask = 2147483647;
			files = (
				A6F4ABE100A7D4E64D972436 /* Pods_AppToPhone.framework in Frameworks */,
			);
			runOnlyForDeploymentPostprocessing = 0;
		};
/* End PBXFrameworksBuildPhase section */

/* Begin PBXGroup section */
		122D82912487061800CA359C = {
			isa = PBXGroup;
			children = (
				122D829C2487061800CA359C /* AppToPhone */,
				122D829B2487061800CA359C /* Products */,
				EBA65AC5981753C094B1F858 /* Pods */,
				E18544AEE62DFA4151E539FF /* Frameworks */,
			);
			sourceTree = "<group>";
		};
		122D829B2487061800CA359C /* Products */ = {
			isa = PBXGroup;
			children = (
				122D829A2487061800CA359C /* AppToPhone.app */,
			);
			name = Products;
			sourceTree = "<group>";
		};
		122D829C2487061800CA359C /* AppToPhone */ = {
			isa = PBXGroup;
			children = (
				122D829D2487061800CA359C /* AppDelegate.swift */,
				122D829F2487061800CA359C /* SceneDelegate.swift */,
				122D82A12487061800CA359C /* ViewController.swift */,
				122D82A32487061800CA359C /* Main.storyboard */,
				122D82A62487061900CA359C /* Assets.xcassets */,
				122D82A82487061900CA359C /* LaunchScreen.storyboard */,
				122D82AB2487061900CA359C /* Info.plist */,
			);
			path = AppToPhone;
			sourceTree = "<group>";
		};
		E18544AEE62DFA4151E539FF /* Frameworks */ = {
			isa = PBXGroup;
			children = (
				4DCA78BB31C317FC66CF0594 /* Pods_AppToPhone.framework */,
			);
			name = Frameworks;
			sourceTree = "<group>";
		};
		EBA65AC5981753C094B1F858 /* Pods */ = {
			isa = PBXGroup;
			children = (
				C02A1417BB955DA3823144F2 /* Pods-AppToPhone.debug.xcconfig */,
				5925D652925CE58C0DE763B3 /* Pods-AppToPhone.release.xcconfig */,
			);
			name = Pods;
			path = Pods;
			sourceTree = "<group>";
		};
/* End PBXGroup section */

/* Begin PBXNativeTarget section */
		122D82992487061800CA359C /* AppToPhone */ = {
			isa = PBXNativeTarget;
			buildConfigurationList = 122D82AE2487061900CA359C /* Build configuration list for PBXNativeTarget "AppToPhone" */;
			buildPhases = (
				D968CF7F0C05E820A7FBCC32 /* [CP] Check Pods Manifest.lock */,
				122D82962487061800CA359C /* Sources */,
				122D82972487061800CA359C /* Frameworks */,
				122D82982487061800CA359C /* Resources */,
				FECA935405A2A4F9EB74B55D /* [CP] Embed Pods Frameworks */,
			);
			buildRules = (
			);
			dependencies = (
			);
			name = AppToPhone;
			productName = AppToPhone;
			productReference = 122D829A2487061800CA359C /* AppToPhone.app */;
			productType = "com.apple.product-type.application";
		};
/* End PBXNativeTarget section */

/* Begin PBXProject section */
		122D82922487061800CA359C /* Project object */ = {
			isa = PBXProject;
			attributes = {
				LastSwiftUpdateCheck = 1150;
				LastUpgradeCheck = 1150;
				ORGANIZATIONNAME = Nexmo;
				TargetAttributes = {
					122D82992487061800CA359C = {
						CreatedOnToolsVersion = 11.5;
					};
				};
			};
			buildConfigurationList = 122D82952487061800CA359C /* Build configuration list for PBXProject "AppToPhone" */;
			compatibilityVersion = "Xcode 9.3";
			developmentRegion = en;
			hasScannedForEncodings = 0;
			knownRegions = (
				en,
				Base,
			);
			mainGroup = 122D82912487061800CA359C;
			productRefGroup = 122D829B2487061800CA359C /* Products */;
			projectDirPath = "";
			projectRoot = "";
			targets = (
				122D82992487061800CA359C /* AppToPhone */,
			);
		};
/* End PBXProject section */

/* Begin PBXResourcesBuildPhase section */
		122D82982487061800CA359C /* Resources */ = {
			isa = PBXResourcesBuildPhase;
			buildActionMask = 2147483647;
			files = (
				122D82AA2487061900CA359C /* LaunchScreen.storyboard in Resources */,
				122D82A72487061900CA359C /* Assets.xcassets in Resources */,
				122D82A52487061800CA359C /* Main.storyboard in Resources */,
			);
			runOnlyForDeploymentPostprocessing = 0;
		};
/* End PBXResourcesBuildPhase section */

/* Begin PBXShellScriptBuildPhase section */
		D968CF7F0C05E820A7FBCC32 /* [CP] Check Pods Manifest.lock */ = {
			isa = PBXShellScriptBuildPhase;
			buildActionMask = 2147483647;
			files = (
			);
			inputFileListPaths = (
			);
			inputPaths = (
				"${PODS_PODFILE_DIR_PATH}/Podfile.lock",
				"${PODS_ROOT}/Manifest.lock",
			);
			name = "[CP] Check Pods Manifest.lock";
			outputFileListPaths = (
			);
			outputPaths = (
				"$(DERIVED_FILE_DIR)/Pods-AppToPhone-checkManifestLockResult.txt",
			);
			runOnlyForDeploymentPostprocessing = 0;
			shellPath = /bin/sh;
			shellScript = "diff \"${PODS_PODFILE_DIR_PATH}/Podfile.lock\" \"${PODS_ROOT}/Manifest.lock\" > /dev/null\nif [ $? != 0 ] ; then\n    # print error to STDERR\n    echo \"error: The sandbox is not in sync with the Podfile.lock. Run 'pod install' or update your CocoaPods installation.\" >&2\n    exit 1\nfi\n# This output is used by Xcode 'outputs' to avoid re-running this script phase.\necho \"SUCCESS\" > \"${SCRIPT_OUTPUT_FILE_0}\"\n";
			showEnvVarsInLog = 0;
		};
		FECA935405A2A4F9EB74B55D /* [CP] Embed Pods Frameworks */ = {
			isa = PBXShellScriptBuildPhase;
			buildActionMask = 2147483647;
			files = (
			);
			inputFileListPaths = (
				"${PODS_ROOT}/Target Support Files/Pods-AppToPhone/Pods-AppToPhone-frameworks-${CONFIGURATION}-input-files.xcfilelist",
			);
			name = "[CP] Embed Pods Frameworks";
			outputFileListPaths = (
				"${PODS_ROOT}/Target Support Files/Pods-AppToPhone/Pods-AppToPhone-frameworks-${CONFIGURATION}-output-files.xcfilelist",
			);
			runOnlyForDeploymentPostprocessing = 0;
			shellPath = /bin/sh;
			shellScript = "\"${PODS_ROOT}/Target Support Files/Pods-AppToPhone/Pods-AppToPhone-frameworks.sh\"\n";
			showEnvVarsInLog = 0;
		};
/* End PBXShellScriptBuildPhase section */

/* Begin PBXSourcesBuildPhase section */
		122D82962487061800CA359C /* Sources */ = {
			isa = PBXSourcesBuildPhase;
			buildActionMask = 2147483647;
			files = (
				122D82A22487061800CA359C /* ViewController.swift in Sources */,
				122D829E2487061800CA359C /* AppDelegate.swift in Sources */,
				122D82A02487061800CA359C /* SceneDelegate.swift in Sources */,
			);
			runOnlyForDeploymentPostprocessing = 0;
		};
/* End PBXSourcesBuildPhase section */

/* Begin PBXVariantGroup section */
		122D82A32487061800CA359C /* Main.storyboard */ = {
			isa = PBXVariantGroup;
			children = (
				122D82A42487061800CA359C /* Base */,
			);
			name = Main.storyboard;
			sourceTree = "<group>";
		};
		122D82A82487061900CA359C /* LaunchScreen.storyboard */ = {
			isa = PBXVariantGroup;
			children = (
				122D82A92487061900CA359C /* Base */,
			);
			name = LaunchScreen.storyboard;
			sourceTree = "<group>";
		};
/* End PBXVariantGroup section */

/* Begin XCBuildConfiguration section */
		122D82AC2487061900CA359C /* Debug */ = {
			isa = XCBuildConfiguration;
			buildSettings = {
				ALWAYS_SEARCH_USER_PATHS = NO;
				CLANG_ANALYZER_NONNULL = YES;
				CLANG_ANALYZER_NUMBER_OBJECT_CONVERSION = YES_AGGRESSIVE;
				CLANG_CXX_LANGUAGE_STANDARD = "gnu++14";
				CLANG_CXX_LIBRARY = "libc++";
				CLANG_ENABLE_MODULES = YES;
				CLANG_ENABLE_OBJC_ARC = YES;
				CLANG_ENABLE_OBJC_WEAK = YES;
				CLANG_WARN_BLOCK_CAPTURE_AUTORELEASING = YES;
				CLANG_WARN_BOOL_CONVERSION = YES;
				CLANG_WARN_COMMA = YES;
				CLANG_WARN_CONSTANT_CONVERSION = YES;
				CLANG_WARN_DEPRECATED_OBJC_IMPLEMENTATIONS = YES;
				CLANG_WARN_DIRECT_OBJC_ISA_USAGE = YES_ERROR;
				CLANG_WARN_DOCUMENTATION_COMMENTS = YES;
				CLANG_WARN_EMPTY_BODY = YES;
				CLANG_WARN_ENUM_CONVERSION = YES;
				CLANG_WARN_INFINITE_RECURSION = YES;
				CLANG_WARN_INT_CONVERSION = YES;
				CLANG_WARN_NON_LITERAL_NULL_CONVERSION = YES;
				CLANG_WARN_OBJC_IMPLICIT_RETAIN_SELF = YES;
				CLANG_WARN_OBJC_LITERAL_CONVERSION = YES;
				CLANG_WARN_OBJC_ROOT_CLASS = YES_ERROR;
				CLANG_WARN_RANGE_LOOP_ANALYSIS = YES;
				CLANG_WARN_STRICT_PROTOTYPES = YES;
				CLANG_WARN_SUSPICIOUS_MOVE = YES;
				CLANG_WARN_UNGUARDED_AVAILABILITY = YES_AGGRESSIVE;
				CLANG_WARN_UNREACHABLE_CODE = YES;
				CLANG_WARN__DUPLICATE_METHOD_MATCH = YES;
				COPY_PHASE_STRIP = NO;
				DEBUG_INFORMATION_FORMAT = dwarf;
				ENABLE_STRICT_OBJC_MSGSEND = YES;
				ENABLE_TESTABILITY = YES;
				GCC_C_LANGUAGE_STANDARD = gnu11;
				GCC_DYNAMIC_NO_PIC = NO;
				GCC_NO_COMMON_BLOCKS = YES;
				GCC_OPTIMIZATION_LEVEL = 0;
				GCC_PREPROCESSOR_DEFINITIONS = (
					"DEBUG=1",
					"$(inherited)",
				);
				GCC_WARN_64_TO_32_BIT_CONVERSION = YES;
				GCC_WARN_ABOUT_RETURN_TYPE = YES_ERROR;
				GCC_WARN_UNDECLARED_SELECTOR = YES;
				GCC_WARN_UNINITIALIZED_AUTOS = YES_AGGRESSIVE;
				GCC_WARN_UNUSED_FUNCTION = YES;
				GCC_WARN_UNUSED_VARIABLE = YES;
				IPHONEOS_DEPLOYMENT_TARGET = 13.5;
				MTL_ENABLE_DEBUG_INFO = INCLUDE_SOURCE;
				MTL_FAST_MATH = YES;
				ONLY_ACTIVE_ARCH = YES;
				SDKROOT = iphoneos;
				SWIFT_ACTIVE_COMPILATION_CONDITIONS = DEBUG;
				SWIFT_OPTIMIZATION_LEVEL = "-Onone";
			};
			name = Debug;
		};
		122D82AD2487061900CA359C /* Release */ = {
			isa = XCBuildConfiguration;
			buildSettings = {
				ALWAYS_SEARCH_USER_PATHS = NO;
				CLANG_ANALYZER_NONNULL = YES;
				CLANG_ANALYZER_NUMBER_OBJECT_CONVERSION = YES_AGGRESSIVE;
				CLANG_CXX_LANGUAGE_STANDARD = "gnu++14";
				CLANG_CXX_LIBRARY = "libc++";
				CLANG_ENABLE_MODULES = YES;
				CLANG_ENABLE_OBJC_ARC = YES;
				CLANG_ENABLE_OBJC_WEAK = YES;
				CLANG_WARN_BLOCK_CAPTURE_AUTORELEASING = YES;
				CLANG_WARN_BOOL_CONVERSION = YES;
				CLANG_WARN_COMMA = YES;
				CLANG_WARN_CONSTANT_CONVERSION = YES;
				CLANG_WARN_DEPRECATED_OBJC_IMPLEMENTATIONS = YES;
				CLANG_WARN_DIRECT_OBJC_ISA_USAGE = YES_ERROR;
				CLANG_WARN_DOCUMENTATION_COMMENTS = YES;
				CLANG_WARN_EMPTY_BODY = YES;
				CLANG_WARN_ENUM_CONVERSION = YES;
				CLANG_WARN_INFINITE_RECURSION = YES;
				CLANG_WARN_INT_CONVERSION = YES;
				CLANG_WARN_NON_LITERAL_NULL_CONVERSION = YES;
				CLANG_WARN_OBJC_IMPLICIT_RETAIN_SELF = YES;
				CLANG_WARN_OBJC_LITERAL_CONVERSION = YES;
				CLANG_WARN_OBJC_ROOT_CLASS = YES_ERROR;
				CLANG_WARN_RANGE_LOOP_ANALYSIS = YES;
				CLANG_WARN_STRICT_PROTOTYPES = YES;
				CLANG_WARN_SUSPICIOUS_MOVE = YES;
				CLANG_WARN_UNGUARDED_AVAILABILITY = YES_AGGRESSIVE;
				CLANG_WARN_UNREACHABLE_CODE = YES;
				CLANG_WARN__DUPLICATE_METHOD_MATCH = YES;
				COPY_PHASE_STRIP = NO;
				DEBUG_INFORMATION_FORMAT = "dwarf-with-dsym";
				ENABLE_NS_ASSERTIONS = NO;
				ENABLE_STRICT_OBJC_MSGSEND = YES;
				GCC_C_LANGUAGE_STANDARD = gnu11;
				GCC_NO_COMMON_BLOCKS = YES;
				GCC_WARN_64_TO_32_BIT_CONVERSION = YES;
				GCC_WARN_ABOUT_RETURN_TYPE = YES_ERROR;
				GCC_WARN_UNDECLARED_SELECTOR = YES;
				GCC_WARN_UNINITIALIZED_AUTOS = YES_AGGRESSIVE;
				GCC_WARN_UNUSED_FUNCTION = YES;
				GCC_WARN_UNUSED_VARIABLE = YES;
				IPHONEOS_DEPLOYMENT_TARGET = 13.5;
				MTL_ENABLE_DEBUG_INFO = NO;
				MTL_FAST_MATH = YES;
				SDKROOT = iphoneos;
				SWIFT_COMPILATION_MODE = wholemodule;
				SWIFT_OPTIMIZATION_LEVEL = "-O";
				VALIDATE_PRODUCT = YES;
			};
			name = Release;
		};
		122D82AF2487061900CA359C /* Debug */ = {
			isa = XCBuildConfiguration;
			baseConfigurationReference = C02A1417BB955DA3823144F2 /* Pods-AppToPhone.debug.xcconfig */;
			buildSettings = {
				ASSETCATALOG_COMPILER_APPICON_NAME = AppIcon;
				CODE_SIGN_STYLE = Automatic;
				INFOPLIST_FILE = AppToPhone/Info.plist;
				LD_RUNPATH_SEARCH_PATHS = (
					"$(inherited)",
					"@executable_path/Frameworks",
				);
				PRODUCT_BUNDLE_IDENTIFIER = com.nexmo.AppToPhone;
				PRODUCT_NAME = "$(TARGET_NAME)";
				SWIFT_VERSION = 5.0;
				TARGETED_DEVICE_FAMILY = "1,2";
			};
			name = Debug;
		};
		122D82B02487061900CA359C /* Release */ = {
			isa = XCBuildConfiguration;
			baseConfigurationReference = 5925D652925CE58C0DE763B3 /* Pods-AppToPhone.release.xcconfig */;
			buildSettings = {
				ASSETCATALOG_COMPILER_APPICON_NAME = AppIcon;
				CODE_SIGN_STYLE = Automatic;
				INFOPLIST_FILE = AppToPhone/Info.plist;
				LD_RUNPATH_SEARCH_PATHS = (
					"$(inherited)",
					"@executable_path/Frameworks",
				);
				PRODUCT_BUNDLE_IDENTIFIER = com.nexmo.AppToPhone;
				PRODUCT_NAME = "$(TARGET_NAME)";
				SWIFT_VERSION = 5.0;
				TARGETED_DEVICE_FAMILY = "1,2";
			};
			name = Release;
		};
/* End XCBuildConfiguration section */

/* Begin XCConfigurationList section */
		122D82952487061800CA359C /* Build configuration list for PBXProject "AppToPhone" */ = {
			isa = XCConfigurationList;
			buildConfigurations = (
				122D82AC2487061900CA359C /* Debug */,
				122D82AD2487061900CA359C /* Release */,
			);
			defaultConfigurationIsVisible = 0;
			defaultConfigurationName = Release;
		};
		122D82AE2487061900CA359C /* Build configuration list for PBXNativeTarget "AppToPhone" */ = {
			isa = XCConfigurationList;
			buildConfigurations = (
				122D82AF2487061900CA359C /* Debug */,
				122D82B02487061900CA359C /* Release */,
			);
			defaultConfigurationIsVisible = 0;
			defaultConfigurationName = Release;
		};
/* End XCConfigurationList section */
	};
	rootObject = 122D82922487061800CA359C /* Project object */;
}
